
Microsoft Visual Studio Solution File, Format Version 12.00
# Visual Studio Version 16
VisualStudioVersion = 16.0.29519.181
MinimumVisualStudioVersion = 10.0.40219.1
Project("{FAE04EC0-301F-11D3-BF4B-00C04F79EFBC}") = "TripTrack", "TripTrack.csproj", "{198DAB26-C647-47F8-89DA-53A9A88305C5}"
EndProject
Global
	GlobalSection(SolutionConfigurationPlatforms) = preSolution
		Debug|Any CPU = Debug|Any CPU
		Release|Any CPU = Release|Any CPU
	EndGlobalSection
	GlobalSection(ProjectConfigurationPlatforms) = postSolution
		{198DAB26-C647-47F8-89DA-53A9A88305C5}.Debug|Any CPU.ActiveCfg = Debug|Any CPU
		{198DAB26-C647-47F8-89DA-53A9A88305C5}.Debug|Any CPU.Build.0 = Debug|Any CPU
		{198DAB26-C647-47F8-89DA-53A9A88305C5}.Release|Any CPU.ActiveCfg = Release|Any CPU
		{198DAB26-C647-47F8-89DA-53A9A88305C5}.Release|Any CPU.Build.0 = Release|Any CPU
	EndGlobalSection
	GlobalSection(SolutionProperties) = preSolution
		HideSolutionNode = FALSE
	EndGlobalSection
	GlobalSection(ExtensibilityGlobals) = postSolution
		SolutionGuid = {D15D867D-B98F-41CF-868F-C130591B9084}
	EndGlobalSection
EndGlobal
